
Microsoft Visual Studio Solution File, Format Version 11.00
# Visual Studio 2010
Project("{FAE04EC0-301F-11D3-BF4B-00C04F79EFBC}") = "ConquerMonsterTranslator", "ConquerMonsterTranslator\ConquerMonsterTranslator.csproj", "{1056F111-5D42-4843-87C5-36B83B0EE997}"
EndProject
Global
	GlobalSection(SolutionConfigurationPlatforms) = preSolution
		Debug|x86 = Debug|x86
		Release|x86 = Release|x86
	EndGlobalSection
	GlobalSection(ProjectConfigurationPlatforms) = postSolution
		{1056F111-5D42-4843-87C5-36B83B0EE997}.Debug|x86.ActiveCfg = Debug|x86
		{1056F111-5D42-4843-87C5-36B83B0EE997}.Debug|x86.Build.0 = Debug|x86
		{1056F111-5D42-4843-87C5-36B83B0EE997}.Release|x86.ActiveCfg = Release|x86
		{1056F111-5D42-4843-87C5-36B83B0EE997}.Release|x86.Build.0 = Release|x86
	EndGlobalSection
	GlobalSection(SolutionProperties) = preSolution
		HideSolutionNode = FALSE
	EndGlobalSection
EndGlobal
